// !$*UTF8*$!
{
	archiveVersion = 1;
	classes = {
	};
	objectVersion = 55;
	objects = {

/* Begin PBXBuildFile section */
		29CF662BBB54096D1929F163 /* Pods_UnsplashPhotoApp.framework in Frameworks */ = {isa = PBXBuildFile; fileRef = C5FB9FEE9239D3265944669C /* Pods_UnsplashPhotoApp.framework */; };
		5F1DC55327AA78DE00779C8B /* NetworkService.swift in Sources */ = {isa = PBXBuildFile; fileRef = 5F1DC55227AA78DE00779C8B /* NetworkService.swift */; };
		5F1DC55727AAA68D00779C8B /* NetworkDataFetcher.swift in Sources */ = {isa = PBXBuildFile; fileRef = 5F1DC55627AAA68D00779C8B /* NetworkDataFetcher.swift */; };
		5F1DC55927AAA6F900779C8B /* SearchResults.swift in Sources */ = {isa = PBXBuildFile; fileRef = 5F1DC55827AAA6F900779C8B /* SearchResults.swift */; };
		5F1DC55C27AAB50D00779C8B /* PhotoCell.swift in Sources */ = {isa = PBXBuildFile; fileRef = 5F1DC55B27AAB50D00779C8B /* PhotoCell.swift */; };
		5F1DC55F27AAF99100779C8B /* LikesCollectionViewController.swift in Sources */ = {isa = PBXBuildFile; fileRef = 5F1DC55E27AAF99100779C8B /* LikesCollectionViewController.swift */; };
		5F1DC56227AAF9DE00779C8B /* LikesCollectionViewCell.swift in Sources */ = {isa = PBXBuildFile; fileRef = 5F1DC56127AAF9DE00779C8B /* LikesCollectionViewCell.swift */; };
		5F1DC56427AAFA9900779C8B /* UIKit + Extension.swift in Sources */ = {isa = PBXBuildFile; fileRef = 5F1DC56327AAFA9900779C8B /* UIKit + Extension.swift */; };
		5F1DC56627AB055900779C8B /* WaterfallLayout.swift in Sources */ = {isa = PBXBuildFile; fileRef = 5F1DC56527AB055900779C8B /* WaterfallLayout.swift */; };
		5FA6EC2427A8685E008F3BC4 /* AppDelegate.swift in Sources */ = {isa = PBXBuildFile; fileRef = 5FA6EC2327A8685E008F3BC4 /* AppDelegate.swift */; };
		5FA6EC2627A8685E008F3BC4 /* SceneDelegate.swift in Sources */ = {isa = PBXBuildFile; fileRef = 5FA6EC2527A8685E008F3BC4 /* SceneDelegate.swift */; };
		5FA6EC2827A8685E008F3BC4 /* ViewController.swift in Sources */ = {isa = PBXBuildFile; fileRef = 5FA6EC2727A8685E008F3BC4 /* ViewController.swift */; };
		5FA6EC2B27A8685E008F3BC4 /* Main.storyboard in Resources */ = {isa = PBXBuildFile; fileRef = 5FA6EC2927A8685E008F3BC4 /* Main.storyboard */; };
		5FA6EC2D27A86860008F3BC4 /* Assets.xcassets in Resources */ = {isa = PBXBuildFile; fileRef = 5FA6EC2C27A86860008F3BC4 /* Assets.xcassets */; };
		5FA6EC3027A86860008F3BC4 /* LaunchScreen.storyboard in Resources */ = {isa = PBXBuildFile; fileRef = 5FA6EC2E27A86860008F3BC4 /* LaunchScreen.storyboard */; };
		5FA6EC3827A868A9008F3BC4 /* MainTabBarController.swift in Sources */ = {isa = PBXBuildFile; fileRef = 5FA6EC3727A868A9008F3BC4 /* MainTabBarController.swift */; };
		5FA6EC3A27A86A25008F3BC4 /* PhotosCollectionViewController.swift in Sources */ = {isa = PBXBuildFile; fileRef = 5FA6EC3927A86A25008F3BC4 /* PhotosCollectionViewController.swift */; };
/* End PBXBuildFile section */

/* Begin PBXFileReference section */
		5F1DC55227AA78DE00779C8B /* NetworkService.swift */ = {isa = PBXFileReference; lastKnownFileType = sourcecode.swift; path = NetworkService.swift; sourceTree = "<group>"; };
		5F1DC55627AAA68D00779C8B /* NetworkDataFetcher.swift */ = {isa = PBXFileReference; lastKnownFileType = sourcecode.swift; path = NetworkDataFetcher.swift; sourceTree = "<group>"; };
		5F1DC55827AAA6F900779C8B /* SearchResults.swift */ = {isa = PBXFileReference; lastKnownFileType = sourcecode.swift; path = SearchResults.swift; sourceTree = "<group>"; };
		5F1DC55B27AAB50D00779C8B /* PhotoCell.swift */ = {isa = PBXFileReference; lastKnownFileType = sourcecode.swift; path = PhotoCell.swift; sourceTree = "<group>"; };
		5F1DC55E27AAF99100779C8B /* LikesCollectionViewController.swift */ = {isa = PBXFileReference; lastKnownFileType = sourcecode.swift; path = LikesCollectionViewController.swift; sourceTree = "<group>"; };
		5F1DC56127AAF9DE00779C8B /* LikesCollectionViewCell.swift */ = {isa = PBXFileReference; lastKnownFileType = sourcecode.swift; path = LikesCollectionViewCell.swift; sourceTree = "<group>"; };
		5F1DC56327AAFA9900779C8B /* UIKit + Extension.swift */ = {isa = PBXFileReference; lastKnownFileType = sourcecode.swift; path = "UIKit + Extension.swift"; sourceTree = "<group>"; };
		5F1DC56527AB055900779C8B /* WaterfallLayout.swift */ = {isa = PBXFileReference; lastKnownFileType = sourcecode.swift; path = WaterfallLayout.swift; sourceTree = "<group>"; };
		5FA6EC2027A8685E008F3BC4 /* UnsplashPhotoApp.app */ = {isa = PBXFileReference; explicitFileType = wrapper.application; includeInIndex = 0; path = UnsplashPhotoApp.app; sourceTree = BUILT_PRODUCTS_DIR; };
		5FA6EC2327A8685E008F3BC4 /* AppDelegate.swift */ = {isa = PBXFileReference; lastKnownFileType = sourcecode.swift; path = AppDelegate.swift; sourceTree = "<group>"; };
		5FA6EC2527A8685E008F3BC4 /* SceneDelegate.swift */ = {isa = PBXFileReference; lastKnownFileType = sourcecode.swift; path = SceneDelegate.swift; sourceTree = "<group>"; };
		5FA6EC2727A8685E008F3BC4 /* ViewController.swift */ = {isa = PBXFileReference; lastKnownFileType = sourcecode.swift; path = ViewController.swift; sourceTree = "<group>"; };
		5FA6EC2A27A8685E008F3BC4 /* Base */ = {isa = PBXFileReference; lastKnownFileType = file.storyboard; name = Base; path = Base.lproj/Main.storyboard; sourceTree = "<group>"; };
		5FA6EC2C27A86860008F3BC4 /* Assets.xcassets */ = {isa = PBXFileReference; lastKnownFileType = folder.assetcatalog; path = Assets.xcassets; sourceTree = "<group>"; };
		5FA6EC2F27A86860008F3BC4 /* Base */ = {isa = PBXFileReference; lastKnownFileType = file.storyboard; name = Base; path = Base.lproj/LaunchScreen.storyboard; sourceTree = "<group>"; };
		5FA6EC3127A86860008F3BC4 /* Info.plist */ = {isa = PBXFileReference; lastKnownFileType = text.plist.xml; path = Info.plist; sourceTree = "<group>"; };
		5FA6EC3727A868A9008F3BC4 /* MainTabBarController.swift */ = {isa = PBXFileReference; lastKnownFileType = sourcecode.swift; path = MainTabBarController.swift; sourceTree = "<group>"; };
		5FA6EC3927A86A25008F3BC4 /* PhotosCollectionViewController.swift */ = {isa = PBXFileReference; lastKnownFileType = sourcecode.swift; path = PhotosCollectionViewController.swift; sourceTree = "<group>"; };
		AF0C77E5B3319E06B46E9392 /* Pods-UnsplashPhotoApp.debug.xcconfig */ = {isa = PBXFileReference; includeInIndex = 1; lastKnownFileType = text.xcconfig; name = "Pods-UnsplashPhotoApp.debug.xcconfig"; path = "Target Support Files/Pods-UnsplashPhotoApp/Pods-UnsplashPhotoApp.debug.xcconfig"; sourceTree = "<group>"; };
		B69D711322BEA4B9296007D7 /* Pods-UnsplashPhotoApp.release.xcconfig */ = {isa = PBXFileReference; includeInIndex = 1; lastKnownFileType = text.xcconfig; name = "Pods-UnsplashPhotoApp.release.xcconfig"; path = "Target Support Files/Pods-UnsplashPhotoApp/Pods-UnsplashPhotoApp.release.xcconfig"; sourceTree = "<group>"; };
		C5FB9FEE9239D3265944669C /* Pods_UnsplashPhotoApp.framework */ = {isa = PBXFileReference; explicitFileType = wrapper.framework; includeInIndex = 0; path = Pods_UnsplashPhotoApp.framework; sourceTree = BUILT_PRODUCTS_DIR; };
/* End PBXFileReference section */

/* Begin PBXFrameworksBuildPhase section */
		5FA6EC1D27A8685E008F3BC4 /* Frameworks */ = {
			isa = PBXFrameworksBuildPhase;
			buildActionMask = 2147483647;
			files = (
				29CF662BBB54096D1929F163 /* Pods_UnsplashPhotoApp.framework in Frameworks */,
			);
			runOnlyForDeploymentPostprocessing = 0;
		};
/* End PBXFrameworksBuildPhase section */

/* Begin PBXGroup section */
		468CA49A323CA7D84EC09A41 /* Pods */ = {
			isa = PBXGroup;
			children = (
				AF0C77E5B3319E06B46E9392 /* Pods-UnsplashPhotoApp.debug.xcconfig */,
				B69D711322BEA4B9296007D7 /* Pods-UnsplashPhotoApp.release.xcconfig */,
			);
			path = Pods;
			sourceTree = "<group>";
		};
		5F1DC55527AA9FF100779C8B /* Service */ = {
			isa = PBXGroup;
			children = (
				5F1DC55227AA78DE00779C8B /* NetworkService.swift */,
				5F1DC55627AAA68D00779C8B /* NetworkDataFetcher.swift */,
				5F1DC55A27AAA70400779C8B /* Models */,
			);
			path = Service;
			sourceTree = "<group>";
		};
		5F1DC55A27AAA70400779C8B /* Models */ = {
			isa = PBXGroup;
			children = (
				5F1DC55827AAA6F900779C8B /* SearchResults.swift */,
			);
			path = Models;
			sourceTree = "<group>";
		};
		5F1DC55D27AAF94300779C8B /* Photos */ = {
			isa = PBXGroup;
			children = (
				5FA6EC3927A86A25008F3BC4 /* PhotosCollectionViewController.swift */,
				5F1DC55B27AAB50D00779C8B /* PhotoCell.swift */,
				5F1DC56527AB055900779C8B /* WaterfallLayout.swift */,
			);
			path = Photos;
			sourceTree = "<group>";
		};
		5F1DC56027AAF99700779C8B /* Likes */ = {
			isa = PBXGroup;
			children = (
				5F1DC55E27AAF99100779C8B /* LikesCollectionViewController.swift */,
				5F1DC56127AAF9DE00779C8B /* LikesCollectionViewCell.swift */,
			);
			path = Likes;
			sourceTree = "<group>";
		};
		5FA6EC1727A8685E008F3BC4 = {
			isa = PBXGroup;
			children = (
				5FA6EC2227A8685E008F3BC4 /* UnsplashPhotoApp */,
				5FA6EC2127A8685E008F3BC4 /* Products */,
				468CA49A323CA7D84EC09A41 /* Pods */,
				CCD6C25574F95BCEE4DAA9E6 /* Frameworks */,
			);
			sourceTree = "<group>";
		};
		5FA6EC2127A8685E008F3BC4 /* Products */ = {
			isa = PBXGroup;
			children = (
				5FA6EC2027A8685E008F3BC4 /* UnsplashPhotoApp.app */,
			);
			name = Products;
			sourceTree = "<group>";
		};
		5FA6EC2227A8685E008F3BC4 /* UnsplashPhotoApp */ = {
			isa = PBXGroup;
			children = (
				5FA6EC2327A8685E008F3BC4 /* AppDelegate.swift */,
				5FA6EC2527A8685E008F3BC4 /* SceneDelegate.swift */,
				5FA6EC3727A868A9008F3BC4 /* MainTabBarController.swift */,
				5F1DC55527AA9FF100779C8B /* Service */,
				5F1DC56027AAF99700779C8B /* Likes */,
				5F1DC55D27AAF94300779C8B /* Photos */,
				5FA6EC2727A8685E008F3BC4 /* ViewController.swift */,
				5FA6EC2927A8685E008F3BC4 /* Main.storyboard */,
				5FA6EC2C27A86860008F3BC4 /* Assets.xcassets */,
				5FA6EC2E27A86860008F3BC4 /* LaunchScreen.storyboard */,
				5FA6EC3127A86860008F3BC4 /* Info.plist */,
				5F1DC56327AAFA9900779C8B /* UIKit + Extension.swift */,
			);
			path = UnsplashPhotoApp;
			sourceTree = "<group>";
		};
		CCD6C25574F95BCEE4DAA9E6 /* Frameworks */ = {
			isa = PBXGroup;
			children = (
				C5FB9FEE9239D3265944669C /* Pods_UnsplashPhotoApp.framework */,
			);
			name = Frameworks;
			sourceTree = "<group>";
		};
/* End PBXGroup section */

/* Begin PBXNativeTarget section */
		5FA6EC1F27A8685E008F3BC4 /* UnsplashPhotoApp */ = {
			isa = PBXNativeTarget;
			buildConfigurationList = 5FA6EC3427A86860008F3BC4 /* Build configuration list for PBXNativeTarget "UnsplashPhotoApp" */;
			buildPhases = (
				74AE786896DBE64A32EBCD24 /* [CP] Check Pods Manifest.lock */,
				5FA6EC1C27A8685E008F3BC4 /* Sources */,
				5FA6EC1D27A8685E008F3BC4 /* Frameworks */,
				5FA6EC1E27A8685E008F3BC4 /* Resources */,
				952D0CC17930CAF449763D90 /* [CP] Embed Pods Frameworks */,
			);
			buildRules = (
			);
			dependencies = (
			);
			name = UnsplashPhotoApp;
			productName = UnsplashPhotoApp;
			productReference = 5FA6EC2027A8685E008F3BC4 /* UnsplashPhotoApp.app */;
			productType = "com.apple.product-type.application";
		};
/* End PBXNativeTarget section */

/* Begin PBXProject section */
		5FA6EC1827A8685E008F3BC4 /* Project object */ = {
			isa = PBXProject;
			attributes = {
				BuildIndependentTargetsInParallel = 1;
				LastSwiftUpdateCheck = 1310;
				LastUpgradeCheck = 1310;
				TargetAttributes = {
					5FA6EC1F27A8685E008F3BC4 = {
						CreatedOnToolsVersion = 13.1;
					};
				};
			};
			buildConfigurationList = 5FA6EC1B27A8685E008F3BC4 /* Build configuration list for PBXProject "UnsplashPhotoApp" */;
			compatibilityVersion = "Xcode 13.0";
			developmentRegion = en;
			hasScannedForEncodings = 0;
			knownRegions = (
				en,
				Base,
			);
			mainGroup = 5FA6EC1727A8685E008F3BC4;
			productRefGroup = 5FA6EC2127A8685E008F3BC4 /* Products */;
			projectDirPath = "";
			projectRoot = "";
			targets = (
				5FA6EC1F27A8685E008F3BC4 /* UnsplashPhotoApp */,
			);
		};
/* End PBXProject section */

/* Begin PBXResourcesBuildPhase section */
		5FA6EC1E27A8685E008F3BC4 /* Resources */ = {
			isa = PBXResourcesBuildPhase;
			buildActionMask = 2147483647;
			files = (
				5FA6EC3027A86860008F3BC4 /* LaunchScreen.storyboard in Resources */,
				5FA6EC2D27A86860008F3BC4 /* Assets.xcassets in Resources */,
				5FA6EC2B27A8685E008F3BC4 /* Main.storyboard in Resources */,
			);
			runOnlyForDeploymentPostprocessing = 0;
		};
/* End PBXResourcesBuildPhase section */

/* Begin PBXShellScriptBuildPhase section */
		74AE786896DBE64A32EBCD24 /* [CP] Check Pods Manifest.lock */ = {
			isa = PBXShellScriptBuildPhase;
			buildActionMask = 2147483647;
			files = (
			);
			inputFileListPaths = (
			);
			inputPaths = (
				"${PODS_PODFILE_DIR_PATH}/Podfile.lock",
				"${PODS_ROOT}/Manifest.lock",
			);
			name = "[CP] Check Pods Manifest.lock";
			outputFileListPaths = (
			);
			outputPaths = (
				"$(DERIVED_FILE_DIR)/Pods-UnsplashPhotoApp-checkManifestLockResult.txt",
			);
			runOnlyForDeploymentPostprocessing = 0;
			shellPath = /bin/sh;
			shellScript = "diff \"${PODS_PODFILE_DIR_PATH}/Podfile.lock\" \"${PODS_ROOT}/Manifest.lock\" > /dev/null\nif [ $? != 0 ] ; then\n    # print error to STDERR\n    echo \"error: The sandbox is not in sync with the Podfile.lock. Run 'pod install' or update your CocoaPods installation.\" >&2\n    exit 1\nfi\n# This output is used by Xcode 'outputs' to avoid re-running this script phase.\necho \"SUCCESS\" > \"${SCRIPT_OUTPUT_FILE_0}\"\n";
			showEnvVarsInLog = 0;
		};
		952D0CC17930CAF449763D90 /* [CP] Embed Pods Frameworks */ = {
			isa = PBXShellScriptBuildPhase;
			buildActionMask = 2147483647;
			files = (
			);
			inputFileListPaths = (
				"${PODS_ROOT}/Target Support Files/Pods-UnsplashPhotoApp/Pods-UnsplashPhotoApp-frameworks-${CONFIGURATION}-input-files.xcfilelist",
			);
			name = "[CP] Embed Pods Frameworks";
			outputFileListPaths = (
				"${PODS_ROOT}/Target Support Files/Pods-UnsplashPhotoApp/Pods-UnsplashPhotoApp-frameworks-${CONFIGURATION}-output-files.xcfilelist",
			);
			runOnlyForDeploymentPostprocessing = 0;
			shellPath = /bin/sh;
			shellScript = "\"${PODS_ROOT}/Target Support Files/Pods-UnsplashPhotoApp/Pods-UnsplashPhotoApp-frameworks.sh\"\n";
			showEnvVarsInLog = 0;
		};
/* End PBXShellScriptBuildPhase section */

/* Begin PBXSourcesBuildPhase section */
		5FA6EC1C27A8685E008F3BC4 /* Sources */ = {
			isa = PBXSourcesBuildPhase;
			buildActionMask = 2147483647;
			files = (
				5F1DC55727AAA68D00779C8B /* NetworkDataFetcher.swift in Sources */,
				5F1DC55F27AAF99100779C8B /* LikesCollectionViewController.swift in Sources */,
				5F1DC56227AAF9DE00779C8B /* LikesCollectionViewCell.swift in Sources */,
				5F1DC55C27AAB50D00779C8B /* PhotoCell.swift in Sources */,
				5FA6EC2827A8685E008F3BC4 /* ViewController.swift in Sources */,
				5FA6EC2427A8685E008F3BC4 /* AppDelegate.swift in Sources */,
				5FA6EC3827A868A9008F3BC4 /* MainTabBarController.swift in Sources */,
				5F1DC56627AB055900779C8B /* WaterfallLayout.swift in Sources */,
				5FA6EC3A27A86A25008F3BC4 /* PhotosCollectionViewController.swift in Sources */,
				5F1DC56427AAFA9900779C8B /* UIKit + Extension.swift in Sources */,
				5F1DC55327AA78DE00779C8B /* NetworkService.swift in Sources */,
				5F1DC55927AAA6F900779C8B /* SearchResults.swift in Sources */,
				5FA6EC2627A8685E008F3BC4 /* SceneDelegate.swift in Sources */,
			);
			runOnlyForDeploymentPostprocessing = 0;
		};
/* End PBXSourcesBuildPhase section */

/* Begin PBXVariantGroup section */
		5FA6EC2927A8685E008F3BC4 /* Main.storyboard */ = {
			isa = PBXVariantGroup;
			children = (
				5FA6EC2A27A8685E008F3BC4 /* Base */,
			);
			name = Main.storyboard;
			sourceTree = "<group>";
		};
		5FA6EC2E27A86860008F3BC4 /* LaunchScreen.storyboard */ = {
			isa = PBXVariantGroup;
			children = (
				5FA6EC2F27A86860008F3BC4 /* Base */,
			);
			name = LaunchScreen.storyboard;
			sourceTree = "<group>";
		};
/* End PBXVariantGroup section */

/* Begin XCBuildConfiguration section */
		5FA6EC3227A86860008F3BC4 /* Debug */ = {
			isa = XCBuildConfiguration;
			buildSettings = {
				ALWAYS_SEARCH_USER_PATHS = NO;
				CLANG_ANALYZER_NONNULL = YES;
				CLANG_ANALYZER_NUMBER_OBJECT_CONVERSION = YES_AGGRESSIVE;
				CLANG_CXX_LANGUAGE_STANDARD = "gnu++17";
				CLANG_CXX_LIBRARY = "libc++";
				CLANG_ENABLE_MODULES = YES;
				CLANG_ENABLE_OBJC_ARC = YES;
				CLANG_ENABLE_OBJC_WEAK = YES;
				CLANG_WARN_BLOCK_CAPTURE_AUTORELEASING = YES;
				CLANG_WARN_BOOL_CONVERSION = YES;
				CLANG_WARN_COMMA = YES;
				CLANG_WARN_CONSTANT_CONVERSION = YES;
				CLANG_WARN_DEPRECATED_OBJC_IMPLEMENTATIONS = YES;
				CLANG_WARN_DIRECT_OBJC_ISA_USAGE = YES_ERROR;
				CLANG_WARN_DOCUMENTATION_COMMENTS = YES;
				CLANG_WARN_EMPTY_BODY = YES;
				CLANG_WARN_ENUM_CONVERSION = YES;
				CLANG_WARN_INFINITE_RECURSION = YES;
				CLANG_WARN_INT_CONVERSION = YES;
				CLANG_WARN_NON_LITERAL_NULL_CONVERSION = YES;
				CLANG_WARN_OBJC_IMPLICIT_RETAIN_SELF = YES;
				CLANG_WARN_OBJC_LITERAL_CONVERSION = YES;
				CLANG_WARN_OBJC_ROOT_CLASS = YES_ERROR;
				CLANG_WARN_QUOTED_INCLUDE_IN_FRAMEWORK_HEADER = YES;
				CLANG_WARN_RANGE_LOOP_ANALYSIS = YES;
				CLANG_WARN_STRICT_PROTOTYPES = YES;
				CLANG_WARN_SUSPICIOUS_MOVE = YES;
				CLANG_WARN_UNGUARDED_AVAILABILITY = YES_AGGRESSIVE;
				CLANG_WARN_UNREACHABLE_CODE = YES;
				CLANG_WARN__DUPLICATE_METHOD_MATCH = YES;
				COPY_PHASE_STRIP = NO;
				DEBUG_INFORMATION_FORMAT = dwarf;
				ENABLE_STRICT_OBJC_MSGSEND = YES;
				ENABLE_TESTABILITY = YES;
				GCC_C_LANGUAGE_STANDARD = gnu11;
				GCC_DYNAMIC_NO_PIC = NO;
				GCC_NO_COMMON_BLOCKS = YES;
				GCC_OPTIMIZATION_LEVEL = 0;
				GCC_PREPROCESSOR_DEFINITIONS = (
					"DEBUG=1",
					"$(inherited)",
				);
				GCC_WARN_64_TO_32_BIT_CONVERSION = YES;
				GCC_WARN_ABOUT_RETURN_TYPE = YES_ERROR;
				GCC_WARN_UNDECLARED_SELECTOR = YES;
				GCC_WARN_UNINITIALIZED_AUTOS = YES_AGGRESSIVE;
				GCC_WARN_UNUSED_FUNCTION = YES;
				GCC_WARN_UNUSED_VARIABLE = YES;
				IPHONEOS_DEPLOYMENT_TARGET = 15.0;
				MTL_ENABLE_DEBUG_INFO = INCLUDE_SOURCE;
				MTL_FAST_MATH = YES;
				ONLY_ACTIVE_ARCH = YES;
				SDKROOT = iphoneos;
				SWIFT_ACTIVE_COMPILATION_CONDITIONS = DEBUG;
				SWIFT_OPTIMIZATION_LEVEL = "-Onone";
			};
			name = Debug;
		};
		5FA6EC3327A86860008F3BC4 /* Release */ = {
			isa = XCBuildConfiguration;
			buildSettings = {
				ALWAYS_SEARCH_USER_PATHS = NO;
				CLANG_ANALYZER_NONNULL = YES;
				CLANG_ANALYZER_NUMBER_OBJECT_CONVERSION = YES_AGGRESSIVE;
				CLANG_CXX_LANGUAGE_STANDARD = "gnu++17";
				CLANG_CXX_LIBRARY = "libc++";
				CLANG_ENABLE_MODULES = YES;
				CLANG_ENABLE_OBJC_ARC = YES;
				CLANG_ENABLE_OBJC_WEAK = YES;
				CLANG_WARN_BLOCK_CAPTURE_AUTORELEASING = YES;
				CLANG_WARN_BOOL_CONVERSION = YES;
				CLANG_WARN_COMMA = YES;
				CLANG_WARN_CONSTANT_CONVERSION = YES;
				CLANG_WARN_DEPRECATED_OBJC_IMPLEMENTATIONS = YES;
				CLANG_WARN_DIRECT_OBJC_ISA_USAGE = YES_ERROR;
				CLANG_WARN_DOCUMENTATION_COMMENTS = YES;
				CLANG_WARN_EMPTY_BODY = YES;
				CLANG_WARN_ENUM_CONVERSION = YES;
				CLANG_WARN_INFINITE_RECURSION = YES;
				CLANG_WARN_INT_CONVERSION = YES;
				CLANG_WARN_NON_LITERAL_NULL_CONVERSION = YES;
				CLANG_WARN_OBJC_IMPLICIT_RETAIN_SELF = YES;
				CLANG_WARN_OBJC_LITERAL_CONVERSION = YES;
				CLANG_WARN_OBJC_ROOT_CLASS = YES_ERROR;
				CLANG_WARN_QUOTED_INCLUDE_IN_FRAMEWORK_HEADER = YES;
				CLANG_WARN_RANGE_LOOP_ANALYSIS = YES;
				CLANG_WARN_STRICT_PROTOTYPES = YES;
				CLANG_WARN_SUSPICIOUS_MOVE = YES;
				CLANG_WARN_UNGUARDED_AVAILABILITY = YES_AGGRESSIVE;
				CLANG_WARN_UNREACHABLE_CODE = YES;
				CLANG_WARN__DUPLICATE_METHOD_MATCH = YES;
				COPY_PHASE_STRIP = NO;
				DEBUG_INFORMATION_FORMAT = "dwarf-with-dsym";
				ENABLE_NS_ASSERTIONS = NO;
				ENABLE_STRICT_OBJC_MSGSEND = YES;
				GCC_C_LANGUAGE_STANDARD = gnu11;
				GCC_NO_COMMON_BLOCKS = YES;
				GCC_WARN_64_TO_32_BIT_CONVERSION = YES;
				GCC_WARN_ABOUT_RETURN_TYPE = YES_ERROR;
				GCC_WARN_UNDECLARED_SELECTOR = YES;
				GCC_WARN_UNINITIALIZED_AUTOS = YES_AGGRESSIVE;
				GCC_WARN_UNUSED_FUNCTION = YES;
				GCC_WARN_UNUSED_VARIABLE = YES;
				IPHONEOS_DEPLOYMENT_TARGET = 15.0;
				MTL_ENABLE_DEBUG_INFO = NO;
				MTL_FAST_MATH = YES;
				SDKROOT = iphoneos;
				SWIFT_COMPILATION_MODE = wholemodule;
				SWIFT_OPTIMIZATION_LEVEL = "-O";
				VALIDATE_PRODUCT = YES;
			};
			name = Release;
		};
		5FA6EC3527A86860008F3BC4 /* Debug */ = {
			isa = XCBuildConfiguration;
			baseConfigurationReference = AF0C77E5B3319E06B46E9392 /* Pods-UnsplashPhotoApp.debug.xcconfig */;
			buildSettings = {
				ASSETCATALOG_COMPILER_APPICON_NAME = AppIcon;
				ASSETCATALOG_COMPILER_GLOBAL_ACCENT_COLOR_NAME = AccentColor;
				CODE_SIGN_STYLE = Automatic;
				CURRENT_PROJECT_VERSION = 1;
				DEVELOPMENT_TEAM = BVY3Y34K3N;
				GENERATE_INFOPLIST_FILE = YES;
				INFOPLIST_FILE = UnsplashPhotoApp/Info.plist;
				INFOPLIST_KEY_UIApplicationSupportsIndirectInputEvents = YES;
				INFOPLIST_KEY_UILaunchStoryboardName = LaunchScreen;
				INFOPLIST_KEY_UIMainStoryboardFile = Main;
				INFOPLIST_KEY_UISupportedInterfaceOrientations_iPad = "UIInterfaceOrientationPortrait UIInterfaceOrientationPortraitUpsideDown UIInterfaceOrientationLandscapeLeft UIInterfaceOrientationLandscapeRight";
				INFOPLIST_KEY_UISupportedInterfaceOrientations_iPhone = "UIInterfaceOrientationPortrait UIInterfaceOrientationLandscapeLeft UIInterfaceOrientationLandscapeRight";
				LD_RUNPATH_SEARCH_PATHS = (
					"$(inherited)",
					"@executable_path/Frameworks",
				);
				MARKETING_VERSION = 1.0;
				PRODUCT_BUNDLE_IDENTIFIER = com.dzhafar.UnsplashPhotoApp;
				PRODUCT_NAME = "$(TARGET_NAME)";
				SWIFT_EMIT_LOC_STRINGS = YES;
				SWIFT_VERSION = 5.0;
				TARGETED_DEVICE_FAMILY = "1,2";
			};
			name = Debug;
		};
		5FA6EC3627A86860008F3BC4 /* Release */ = {
			isa = XCBuildConfiguration;
			baseConfigurationReference = B69D711322BEA4B9296007D7 /* Pods-UnsplashPhotoApp.release.xcconfig */;
			buildSettings = {
				ASSETCATALOG_COMPILER_APPICON_NAME = AppIcon;
				ASSETCATALOG_COMPILER_GLOBAL_ACCENT_COLOR_NAME = AccentColor;
				CODE_SIGN_STYLE = Automatic;
				CURRENT_PROJECT_VERSION = 1;
				DEVELOPMENT_TEAM = BVY3Y34K3N;
				GENERATE_INFOPLIST_FILE = YES;
				INFOPLIST_FILE = UnsplashPhotoApp/Info.plist;
				INFOPLIST_KEY_UIApplicationSupportsIndirectInputEvents = YES;
				INFOPLIST_KEY_UILaunchStoryboardName = LaunchScreen;
				INFOPLIST_KEY_UIMainStoryboardFile = Main;
				INFOPLIST_KEY_UISupportedInterfaceOrientations_iPad = "UIInterfaceOrientationPortrait UIInterfaceOrientationPortraitUpsideDown UIInterfaceOrientationLandscapeLeft UIInterfaceOrientationLandscapeRight";
				INFOPLIST_KEY_UISupportedInterfaceOrientations_iPhone = "UIInterfaceOrientationPortrait UIInterfaceOrientationLandscapeLeft UIInterfaceOrientationLandscapeRight";
				LD_RUNPATH_SEARCH_PATHS = (
					"$(inherited)",
					"@executable_path/Frameworks",
				);
				MARKETING_VERSION = 1.0;
				PRODUCT_BUNDLE_IDENTIFIER = com.dzhafar.UnsplashPhotoApp;
				PRODUCT_NAME = "$(TARGET_NAME)";
				SWIFT_EMIT_LOC_STRINGS = YES;
				SWIFT_VERSION = 5.0;
				TARGETED_DEVICE_FAMILY = "1,2";
			};
			name = Release;
		};
/* End XCBuildConfiguration section */

/* Begin XCConfigurationList section */
		5FA6EC1B27A8685E008F3BC4 /* Build configuration list for PBXProject "UnsplashPhotoApp" */ = {
			isa = XCConfigurationList;
			buildConfigurations = (
				5FA6EC3227A86860008F3BC4 /* Debug */,
				5FA6EC3327A86860008F3BC4 /* Release */,
			);
			defaultConfigurationIsVisible = 0;
			defaultConfigurationName = Release;
		};
		5FA6EC3427A86860008F3BC4 /* Build configuration list for PBXNativeTarget "UnsplashPhotoApp" */ = {
			isa = XCConfigurationList;
			buildConfigurations = (
				5FA6EC3527A86860008F3BC4 /* Debug */,
				5FA6EC3627A86860008F3BC4 /* Release */,
			);
			defaultConfigurationIsVisible = 0;
			defaultConfigurationName = Release;
		};
/* End XCConfigurationList section */
	};
	rootObject = 5FA6EC1827A8685E008F3BC4 /* Project object */;
}
